
Microsoft Visual Studio Solution File, Format Version 12.00
# Visual Studio Version 17
VisualStudioVersion = 17.8.34330.188
MinimumVisualStudioVersion = 10.0.40219.1
Project("{FAE04EC0-301F-11D3-BF4B-00C04F79EFBC}") = "Wallpaper-Changer", "Wallpaper-Changer\Wallpaper-Changer.csproj", "{BA652937-6C15-421C-9E27-9113AB13E22E}"
EndProject
Global
	GlobalSection(SolutionConfigurationPlatforms) = preSolution
		Debug|Any CPU = Debug|Any CPU
		Release|Any CPU = Release|Any CPU
	EndGlobalSection
	GlobalSection(ProjectConfigurationPlatforms) = postSolution
		{BA652937-6C15-421C-9E27-9113AB13E22E}.Debug|Any CPU.ActiveCfg = Debug|Any CPU
		{BA652937-6C15-421C-9E27-9113AB13E22E}.Debug|Any CPU.Build.0 = Debug|Any CPU
		{BA652937-6C15-421C-9E27-9113AB13E22E}.Release|Any CPU.ActiveCfg = Release|Any CPU
		{BA652937-6C15-421C-9E27-9113AB13E22E}.Release|Any CPU.Build.0 = Release|Any CPU
	EndGlobalSection
	GlobalSection(SolutionProperties) = preSolution
		HideSolutionNode = FALSE
	EndGlobalSection
	GlobalSection(ExtensibilityGlobals) = postSolution
		SolutionGuid = {42399FAE-32E1-4F3C-8ED1-0DBDA575BA6F}
	EndGlobalSection
EndGlobal
